
Microsoft Visual Studio Solution File, Format Version 12.00
# Visual Studio Version 17
VisualStudioVersion = 17.4.33213.308
MinimumVisualStudioVersion = 10.0.40219.1
Project("{FAE04EC0-301F-11D3-BF4B-00C04F79EFBC}") = "Iths csharp uppgifter del3 metoder", "Iths csharp uppgifter del3 metoder\Iths csharp uppgifter del3 metoder.csproj", "{3C29E5B4-D0FF-4792-A15C-2C48ABC44202}"
EndProject
Global
	GlobalSection(SolutionConfigurationPlatforms) = preSolution
		Debug|Any CPU = Debug|Any CPU
		Release|Any CPU = Release|Any CPU
	EndGlobalSection
	GlobalSection(ProjectConfigurationPlatforms) = postSolution
		{3C29E5B4-D0FF-4792-A15C-2C48ABC44202}.Debug|Any CPU.ActiveCfg = Debug|Any CPU
		{3C29E5B4-D0FF-4792-A15C-2C48ABC44202}.Debug|Any CPU.Build.0 = Debug|Any CPU
		{3C29E5B4-D0FF-4792-A15C-2C48ABC44202}.Release|Any CPU.ActiveCfg = Release|Any CPU
		{3C29E5B4-D0FF-4792-A15C-2C48ABC44202}.Release|Any CPU.Build.0 = Release|Any CPU
	EndGlobalSection
	GlobalSection(SolutionProperties) = preSolution
		HideSolutionNode = FALSE
	EndGlobalSection
	GlobalSection(ExtensibilityGlobals) = postSolution
		SolutionGuid = {5D26A4B2-0244-4946-9CD2-896B7AAE117B}
	EndGlobalSection
EndGlobal
